// !$*UTF8*$!
{
	archiveVersion = 1;
	classes = {
	};
	objectVersion = 50;
	objects = {

/* Begin PBXBuildFile section */
		79CF3BD125B496BD0023B563 /* AppDelegate.swift in Sources */ = {isa = PBXBuildFile; fileRef = 79CF3BD025B496BD0023B563 /* AppDelegate.swift */; };
		79CF3BD325B496BD0023B563 /* SceneDelegate.swift in Sources */ = {isa = PBXBuildFile; fileRef = 79CF3BD225B496BD0023B563 /* SceneDelegate.swift */; };
		79CF3BD525B496BD0023B563 /* ViewController.swift in Sources */ = {isa = PBXBuildFile; fileRef = 79CF3BD425B496BD0023B563 /* ViewController.swift */; };
		79CF3BD825B496BD0023B563 /* Main.storyboard in Resources */ = {isa = PBXBuildFile; fileRef = 79CF3BD625B496BD0023B563 /* Main.storyboard */; };
		79CF3BDA25B496BF0023B563 /* Assets.xcassets in Resources */ = {isa = PBXBuildFile; fileRef = 79CF3BD925B496BF0023B563 /* Assets.xcassets */; };
		79CF3BDD25B496BF0023B563 /* LaunchScreen.storyboard in Resources */ = {isa = PBXBuildFile; fileRef = 79CF3BDB25B496BF0023B563 /* LaunchScreen.storyboard */; };
		79CF3BE825B496C00023B563 /* imagePickerTests.swift in Sources */ = {isa = PBXBuildFile; fileRef = 79CF3BE725B496C00023B563 /* imagePickerTests.swift */; };
		79CF3BF325B496C00023B563 /* imagePickerUITests.swift in Sources */ = {isa = PBXBuildFile; fileRef = 79CF3BF225B496C00023B563 /* imagePickerUITests.swift */; };
/* End PBXBuildFile section */

/* Begin PBXContainerItemProxy section */
		79CF3BE425B496C00023B563 /* PBXContainerItemProxy */ = {
			isa = PBXContainerItemProxy;
			containerPortal = 79CF3BC525B496BD0023B563 /* Project object */;
			proxyType = 1;
			remoteGlobalIDString = 79CF3BCC25B496BD0023B563;
			remoteInfo = imagePicker;
		};
		79CF3BEF25B496C00023B563 /* PBXContainerItemProxy */ = {
			isa = PBXContainerItemProxy;
			containerPortal = 79CF3BC525B496BD0023B563 /* Project object */;
			proxyType = 1;
			remoteGlobalIDString = 79CF3BCC25B496BD0023B563;
			remoteInfo = imagePicker;
		};
/* End PBXContainerItemProxy section */

/* Begin PBXFileReference section */
		79CF3BCD25B496BD0023B563 /* imagePicker.app */ = {isa = PBXFileReference; explicitFileType = wrapper.application; includeInIndex = 0; path = imagePicker.app; sourceTree = BUILT_PRODUCTS_DIR; };
		79CF3BD025B496BD0023B563 /* AppDelegate.swift */ = {isa = PBXFileReference; lastKnownFileType = sourcecode.swift; path = AppDelegate.swift; sourceTree = "<group>"; };
		79CF3BD225B496BD0023B563 /* SceneDelegate.swift */ = {isa = PBXFileReference; lastKnownFileType = sourcecode.swift; path = SceneDelegate.swift; sourceTree = "<group>"; };
		79CF3BD425B496BD0023B563 /* ViewController.swift */ = {isa = PBXFileReference; lastKnownFileType = sourcecode.swift; path = ViewController.swift; sourceTree = "<group>"; };
		79CF3BD725B496BD0023B563 /* Base */ = {isa = PBXFileReference; lastKnownFileType = file.storyboard; name = Base; path = Base.lproj/Main.storyboard; sourceTree = "<group>"; };
		79CF3BD925B496BF0023B563 /* Assets.xcassets */ = {isa = PBXFileReference; lastKnownFileType = folder.assetcatalog; path = Assets.xcassets; sourceTree = "<group>"; };
		79CF3BDC25B496BF0023B563 /* Base */ = {isa = PBXFileReference; lastKnownFileType = file.storyboard; name = Base; path = Base.lproj/LaunchScreen.storyboard; sourceTree = "<group>"; };
		79CF3BDE25B496BF0023B563 /* Info.plist */ = {isa = PBXFileReference; lastKnownFileType = text.plist.xml; path = Info.plist; sourceTree = "<group>"; };
		79CF3BE325B496C00023B563 /* imagePickerTests.xctest */ = {isa = PBXFileReference; explicitFileType = wrapper.cfbundle; includeInIndex = 0; path = imagePickerTests.xctest; sourceTree = BUILT_PRODUCTS_DIR; };
		79CF3BE725B496C00023B563 /* imagePickerTests.swift */ = {isa = PBXFileReference; lastKnownFileType = sourcecode.swift; path = imagePickerTests.swift; sourceTree = "<group>"; };
		79CF3BE925B496C00023B563 /* Info.plist */ = {isa = PBXFileReference; lastKnownFileType = text.plist.xml; path = Info.plist; sourceTree = "<group>"; };
		79CF3BEE25B496C00023B563 /* imagePickerUITests.xctest */ = {isa = PBXFileReference; explicitFileType = wrapper.cfbundle; includeInIndex = 0; path = imagePickerUITests.xctest; sourceTree = BUILT_PRODUCTS_DIR; };
		79CF3BF225B496C00023B563 /* imagePickerUITests.swift */ = {isa = PBXFileReference; lastKnownFileType = sourcecode.swift; path = imagePickerUITests.swift; sourceTree = "<group>"; };
		79CF3BF425B496C00023B563 /* Info.plist */ = {isa = PBXFileReference; lastKnownFileType = text.plist.xml; path = Info.plist; sourceTree = "<group>"; };
/* End PBXFileReference section */

/* Begin PBXFrameworksBuildPhase section */
		79CF3BCA25B496BD0023B563 /* Frameworks */ = {
			isa = PBXFrameworksBuildPhase;
			buildActionMask = 2147483647;
			files = (
			);
			runOnlyForDeploymentPostprocessing = 0;
		};
		79CF3BE025B496C00023B563 /* Frameworks */ = {
			isa = PBXFrameworksBuildPhase;
			buildActionMask = 2147483647;
			files = (
			);
			runOnlyForDeploymentPostprocessing = 0;
		};
		79CF3BEB25B496C00023B563 /* Frameworks */ = {
			isa = PBXFrameworksBuildPhase;
			buildActionMask = 2147483647;
			files = (
			);
			runOnlyForDeploymentPostprocessing = 0;
		};
/* End PBXFrameworksBuildPhase section */

/* Begin PBXGroup section */
		79CF3BC425B496BD0023B563 = {
			isa = PBXGroup;
			children = (
				79CF3BCF25B496BD0023B563 /* imagePicker */,
				79CF3BE625B496C00023B563 /* imagePickerTests */,
				79CF3BF125B496C00023B563 /* imagePickerUITests */,
				79CF3BCE25B496BD0023B563 /* Products */,
			);
			sourceTree = "<group>";
		};
		79CF3BCE25B496BD0023B563 /* Products */ = {
			isa = PBXGroup;
			children = (
				79CF3BCD25B496BD0023B563 /* imagePicker.app */,
				79CF3BE325B496C00023B563 /* imagePickerTests.xctest */,
				79CF3BEE25B496C00023B563 /* imagePickerUITests.xctest */,
			);
			name = Products;
			sourceTree = "<group>";
		};
		79CF3BCF25B496BD0023B563 /* imagePicker */ = {
			isa = PBXGroup;
			children = (
				79CF3BD025B496BD0023B563 /* AppDelegate.swift */,
				79CF3BD225B496BD0023B563 /* SceneDelegate.swift */,
				79CF3BD425B496BD0023B563 /* ViewController.swift */,
				79CF3BD625B496BD0023B563 /* Main.storyboard */,
				79CF3BD925B496BF0023B563 /* Assets.xcassets */,
				79CF3BDB25B496BF0023B563 /* LaunchScreen.storyboard */,
				79CF3BDE25B496BF0023B563 /* Info.plist */,
			);
			path = imagePicker;
			sourceTree = "<group>";
		};
		79CF3BE625B496C00023B563 /* imagePickerTests */ = {
			isa = PBXGroup;
			children = (
				79CF3BE725B496C00023B563 /* imagePickerTests.swift */,
				79CF3BE925B496C00023B563 /* Info.plist */,
			);
			path = imagePickerTests;
			sourceTree = "<group>";
		};
		79CF3BF125B496C00023B563 /* imagePickerUITests */ = {
			isa = PBXGroup;
			children = (
				79CF3BF225B496C00023B563 /* imagePickerUITests.swift */,
				79CF3BF425B496C00023B563 /* Info.plist */,
			);
			path = imagePickerUITests;
			sourceTree = "<group>";
		};
/* End PBXGroup section */

/* Begin PBXNativeTarget section */
		79CF3BCC25B496BD0023B563 /* imagePicker */ = {
			isa = PBXNativeTarget;
			buildConfigurationList = 79CF3C0025B496C30023B563 /* Build configuration list for PBXNativeTarget "imagePicker" */;
			buildPhases = (
				79CF3BC925B496BD0023B563 /* Sources */,
				79CF3BCA25B496BD0023B563 /* Frameworks */,
				79CF3BCB25B496BD0023B563 /* Resources */,
			);
			buildRules = (
			);
			dependencies = (
			);
			name = imagePicker;
			productName = imagePicker;
			productReference = 79CF3BCD25B496BD0023B563 /* imagePicker.app */;
			productType = "com.apple.product-type.application";
		};
		79CF3BE225B496C00023B563 /* imagePickerTests */ = {
			isa = PBXNativeTarget;
			buildConfigurationList = 79CF3C0125B496C30023B563 /* Build configuration list for PBXNativeTarget "imagePickerTests" */;
			buildPhases = (
				79CF3BDF25B496C00023B563 /* Sources */,
				79CF3BE025B496C00023B563 /* Frameworks */,
				79CF3BE125B496C00023B563 /* Resources */,
			);
			buildRules = (
			);
			dependencies = (
				79CF3BE525B496C00023B563 /* PBXTargetDependency */,
			);
			name = imagePickerTests;
			productName = imagePickerTests;
			productReference = 79CF3BE325B496C00023B563 /* imagePickerTests.xctest */;
			productType = "com.apple.product-type.bundle.unit-test";
		};
		79CF3BED25B496C00023B563 /* imagePickerUITests */ = {
			isa = PBXNativeTarget;
			buildConfigurationList = 79CF3C0225B496C30023B563 /* Build configuration list for PBXNativeTarget "imagePickerUITests" */;
			buildPhases = (
				79CF3BEA25B496C00023B563 /* Sources */,
				79CF3BEB25B496C00023B563 /* Frameworks */,
				79CF3BEC25B496C00023B563 /* Resources */,
			);
			buildRules = (
			);
			dependencies = (
				79CF3BF025B496C00023B563 /* PBXTargetDependency */,
			);
			name = imagePickerUITests;
			productName = imagePickerUITests;
			productReference = 79CF3BEE25B496C00023B563 /* imagePickerUITests.xctest */;
			productType = "com.apple.product-type.bundle.ui-testing";
		};
/* End PBXNativeTarget section */

/* Begin PBXProject section */
		79CF3BC525B496BD0023B563 /* Project object */ = {
			isa = PBXProject;
			attributes = {
				LastSwiftUpdateCheck = 1230;
				LastUpgradeCheck = 1230;
				TargetAttributes = {
					79CF3BCC25B496BD0023B563 = {
						CreatedOnToolsVersion = 12.3;
					};
					79CF3BE225B496C00023B563 = {
						CreatedOnToolsVersion = 12.3;
						TestTargetID = 79CF3BCC25B496BD0023B563;
					};
					79CF3BED25B496C00023B563 = {
						CreatedOnToolsVersion = 12.3;
						TestTargetID = 79CF3BCC25B496BD0023B563;
					};
				};
			};
			buildConfigurationList = 79CF3BC825B496BD0023B563 /* Build configuration list for PBXProject "imagePicker" */;
			compatibilityVersion = "Xcode 9.3";
			developmentRegion = en;
			hasScannedForEncodings = 0;
			knownRegions = (
				en,
				Base,
			);
			mainGroup = 79CF3BC425B496BD0023B563;
			productRefGroup = 79CF3BCE25B496BD0023B563 /* Products */;
			projectDirPath = "";
			projectRoot = "";
			targets = (
				79CF3BCC25B496BD0023B563 /* imagePicker */,
				79CF3BE225B496C00023B563 /* imagePickerTests */,
				79CF3BED25B496C00023B563 /* imagePickerUITests */,
			);
		};
/* End PBXProject section */

/* Begin PBXResourcesBuildPhase section */
		79CF3BCB25B496BD0023B563 /* Resources */ = {
			isa = PBXResourcesBuildPhase;
			buildActionMask = 2147483647;
			files = (
				79CF3BDD25B496BF0023B563 /* LaunchScreen.storyboard in Resources */,
				79CF3BDA25B496BF0023B563 /* Assets.xcassets in Resources */,
				79CF3BD825B496BD0023B563 /* Main.storyboard in Resources */,
			);
			runOnlyForDeploymentPostprocessing = 0;
		};
		79CF3BE125B496C00023B563 /* Resources */ = {
			isa = PBXResourcesBuildPhase;
			buildActionMask = 2147483647;
			files = (
			);
			runOnlyForDeploymentPostprocessing = 0;
		};
		79CF3BEC25B496C00023B563 /* Resources */ = {
			isa = PBXResourcesBuildPhase;
			buildActionMask = 2147483647;
			files = (
			);
			runOnlyForDeploymentPostprocessing = 0;
		};
/* End PBXResourcesBuildPhase section */

/* Begin PBXSourcesBuildPhase section */
		79CF3BC925B496BD0023B563 /* Sources */ = {
			isa = PBXSourcesBuildPhase;
			buildActionMask = 2147483647;
			files = (
				79CF3BD525B496BD0023B563 /* ViewController.swift in Sources */,
				79CF3BD125B496BD0023B563 /* AppDelegate.swift in Sources */,
				79CF3BD325B496BD0023B563 /* SceneDelegate.swift in Sources */,
			);
			runOnlyForDeploymentPostprocessing = 0;
		};
		79CF3BDF25B496C00023B563 /* Sources */ = {
			isa = PBXSourcesBuildPhase;
			buildActionMask = 2147483647;
			files = (
				79CF3BE825B496C00023B563 /* imagePickerTests.swift in Sources */,
			);
			runOnlyForDeploymentPostprocessing = 0;
		};
		79CF3BEA25B496C00023B563 /* Sources */ = {
			isa = PBXSourcesBuildPhase;
			buildActionMask = 2147483647;
			files = (
				79CF3BF325B496C00023B563 /* imagePickerUITests.swift in Sources */,
			);
			runOnlyForDeploymentPostprocessing = 0;
		};
/* End PBXSourcesBuildPhase section */

/* Begin PBXTargetDependency section */
		79CF3BE525B496C00023B563 /* PBXTargetDependency */ = {
			isa = PBXTargetDependency;
			target = 79CF3BCC25B496BD0023B563 /* imagePicker */;
			targetProxy = 79CF3BE425B496C00023B563 /* PBXContainerItemProxy */;
		};
		79CF3BF025B496C00023B563 /* PBXTargetDependency */ = {
			isa = PBXTargetDependency;
			target = 79CF3BCC25B496BD0023B563 /* imagePicker */;
			targetProxy = 79CF3BEF25B496C00023B563 /* PBXContainerItemProxy */;
		};
/* End PBXTargetDependency section */

/* Begin PBXVariantGroup section */
		79CF3BD625B496BD0023B563 /* Main.storyboard */ = {
			isa = PBXVariantGroup;
			children = (
				79CF3BD725B496BD0023B563 /* Base */,
			);
			name = Main.storyboard;
			sourceTree = "<group>";
		};
		79CF3BDB25B496BF0023B563 /* LaunchScreen.storyboard */ = {
			isa = PBXVariantGroup;
			children = (
				79CF3BDC25B496BF0023B563 /* Base */,
			);
			name = LaunchScreen.storyboard;
			sourceTree = "<group>";
		};
/* End PBXVariantGroup section */

/* Begin XCBuildConfiguration section */
		79CF3BF525B496C00023B563 /* Debug */ = {
			isa = XCBuildConfiguration;
			buildSettings = {
				ALWAYS_SEARCH_USER_PATHS = NO;
				CLANG_ANALYZER_NONNULL = YES;
				CLANG_ANALYZER_NUMBER_OBJECT_CONVERSION = YES_AGGRESSIVE;
				CLANG_CXX_LANGUAGE_STANDARD = "gnu++14";
				CLANG_CXX_LIBRARY = "libc++";
				CLANG_ENABLE_MODULES = YES;
				CLANG_ENABLE_OBJC_ARC = YES;
				CLANG_ENABLE_OBJC_WEAK = YES;
				CLANG_WARN_BLOCK_CAPTURE_AUTORELEASING = YES;
				CLANG_WARN_BOOL_CONVERSION = YES;
				CLANG_WARN_COMMA = YES;
				CLANG_WARN_CONSTANT_CONVERSION = YES;
				CLANG_WARN_DEPRECATED_OBJC_IMPLEMENTATIONS = YES;
				CLANG_WARN_DIRECT_OBJC_ISA_USAGE = YES_ERROR;
				CLANG_WARN_DOCUMENTATION_COMMENTS = YES;
				CLANG_WARN_EMPTY_BODY = YES;
				CLANG_WARN_ENUM_CONVERSION = YES;
				CLANG_WARN_INFINITE_RECURSION = YES;
				CLANG_WARN_INT_CONVERSION = YES;
				CLANG_WARN_NON_LITERAL_NULL_CONVERSION = YES;
				CLANG_WARN_OBJC_IMPLICIT_RETAIN_SELF = YES;
				CLANG_WARN_OBJC_LITERAL_CONVERSION = YES;
				CLANG_WARN_OBJC_ROOT_CLASS = YES_ERROR;
				CLANG_WARN_QUOTED_INCLUDE_IN_FRAMEWORK_HEADER = YES;
				CLANG_WARN_RANGE_LOOP_ANALYSIS = YES;
				CLANG_WARN_STRICT_PROTOTYPES = YES;
				CLANG_WARN_SUSPICIOUS_MOVE = YES;
				CLANG_WARN_UNGUARDED_AVAILABILITY = YES_AGGRESSIVE;
				CLANG_WARN_UNREACHABLE_CODE = YES;
				CLANG_WARN__DUPLICATE_METHOD_MATCH = YES;
				COPY_PHASE_STRIP = NO;
				DEBUG_INFORMATION_FORMAT = dwarf;
				ENABLE_STRICT_OBJC_MSGSEND = YES;
				ENABLE_TESTABILITY = YES;
				GCC_C_LANGUAGE_STANDARD = gnu11;
				GCC_DYNAMIC_NO_PIC = NO;
				GCC_NO_COMMON_BLOCKS = YES;
				GCC_OPTIMIZATION_LEVEL = 0;
				GCC_PREPROCESSOR_DEFINITIONS = (
					"DEBUG=1",
					"$(inherited)",
				);
				GCC_WARN_64_TO_32_BIT_CONVERSION = YES;
				GCC_WARN_ABOUT_RETURN_TYPE = YES_ERROR;
				GCC_WARN_UNDECLARED_SELECTOR = YES;
				GCC_WARN_UNINITIALIZED_AUTOS = YES_AGGRESSIVE;
				GCC_WARN_UNUSED_FUNCTION = YES;
				GCC_WARN_UNUSED_VARIABLE = YES;
				IPHONEOS_DEPLOYMENT_TARGET = 14.3;
				MTL_ENABLE_DEBUG_INFO = INCLUDE_SOURCE;
				MTL_FAST_MATH = YES;
				ONLY_ACTIVE_ARCH = YES;
				SDKROOT = iphoneos;
				SWIFT_ACTIVE_COMPILATION_CONDITIONS = DEBUG;
				SWIFT_OPTIMIZATION_LEVEL = "-Onone";
			};
			name = Debug;
		};
		79CF3BF625B496C00023B563 /* Release */ = {
			isa = XCBuildConfiguration;
			buildSettings = {
				ALWAYS_SEARCH_USER_PATHS = NO;
				CLANG_ANALYZER_NONNULL = YES;
				CLANG_ANALYZER_NUMBER_OBJECT_CONVERSION = YES_AGGRESSIVE;
				CLANG_CXX_LANGUAGE_STANDARD = "gnu++14";
				CLANG_CXX_LIBRARY = "libc++";
				CLANG_ENABLE_MODULES = YES;
				CLANG_ENABLE_OBJC_ARC = YES;
				CLANG_ENABLE_OBJC_WEAK = YES;
				CLANG_WARN_BLOCK_CAPTURE_AUTORELEASING = YES;
				CLANG_WARN_BOOL_CONVERSION = YES;
				CLANG_WARN_COMMA = YES;
				CLANG_WARN_CONSTANT_CONVERSION = YES;
				CLANG_WARN_DEPRECATED_OBJC_IMPLEMENTATIONS = YES;
				CLANG_WARN_DIRECT_OBJC_ISA_USAGE = YES_ERROR;
				CLANG_WARN_DOCUMENTATION_COMMENTS = YES;
				CLANG_WARN_EMPTY_BODY = YES;
				CLANG_WARN_ENUM_CONVERSION = YES;
				CLANG_WARN_INFINITE_RECURSION = YES;
				CLANG_WARN_INT_CONVERSION = YES;
				CLANG_WARN_NON_LITERAL_NULL_CONVERSION = YES;
				CLANG_WARN_OBJC_IMPLICIT_RETAIN_SELF = YES;
				CLANG_WARN_OBJC_LITERAL_CONVERSION = YES;
				CLANG_WARN_OBJC_ROOT_CLASS = YES_ERROR;
				CLANG_WARN_QUOTED_INCLUDE_IN_FRAMEWORK_HEADER = YES;
				CLANG_WARN_RANGE_LOOP_ANALYSIS = YES;
				CLANG_WARN_STRICT_PROTOTYPES = YES;
				CLANG_WARN_SUSPICIOUS_MOVE = YES;
				CLANG_WARN_UNGUARDED_AVAILABILITY = YES_AGGRESSIVE;
				CLANG_WARN_UNREACHABLE_CODE = YES;
				CLANG_WARN__DUPLICATE_METHOD_MATCH = YES;
				COPY_PHASE_STRIP = NO;
				DEBUG_INFORMATION_FORMAT = "dwarf-with-dsym";
				ENABLE_NS_ASSERTIONS = NO;
				ENABLE_STRICT_OBJC_MSGSEND = YES;
				GCC_C_LANGUAGE_STANDARD = gnu11;
				GCC_NO_COMMON_BLOCKS = YES;
				GCC_WARN_64_TO_32_BIT_CONVERSION = YES;
				GCC_WARN_ABOUT_RETURN_TYPE = YES_ERROR;
				GCC_WARN_UNDECLARED_SELECTOR = YES;
				GCC_WARN_UNINITIALIZED_AUTOS = YES_AGGRESSIVE;
				GCC_WARN_UNUSED_FUNCTION = YES;
				GCC_WARN_UNUSED_VARIABLE = YES;
				IPHONEOS_DEPLOYMENT_TARGET = 14.3;
				MTL_ENABLE_DEBUG_INFO = NO;
				MTL_FAST_MATH = YES;
				SDKROOT = iphoneos;
				SWIFT_COMPILATION_MODE = wholemodule;
				SWIFT_OPTIMIZATION_LEVEL = "-O";
				VALIDATE_PRODUCT = YES;
			};
			name = Release;
		};
		79CF3BF725B496C00023B563 /* Debug */ = {
			isa = XCBuildConfiguration;
			buildSettings = {
				ASSETCATALOG_COMPILER_APPICON_NAME = AppIcon;
				ASSETCATALOG_COMPILER_GLOBAL_ACCENT_COLOR_NAME = AccentColor;
				CODE_SIGN_STYLE = Automatic;
				DEVELOPMENT_TEAM = 58A84BMWT8;
				INFOPLIST_FILE = imagePicker/Info.plist;
				LD_RUNPATH_SEARCH_PATHS = (
					"$(inherited)",
					"@executable_path/Frameworks",
				);
				PRODUCT_BUNDLE_IDENTIFIER = "de.art-by-pixel.imagePicker";
				PRODUCT_NAME = "$(TARGET_NAME)";
				SWIFT_VERSION = 5.0;
				TARGETED_DEVICE_FAMILY = "1,2";
			};
			name = Debug;
		};
		79CF3BF825B496C00023B563 /* Release */ = {
			isa = XCBuildConfiguration;
			buildSettings = {
				ASSETCATALOG_COMPILER_APPICON_NAME = AppIcon;
				ASSETCATALOG_COMPILER_GLOBAL_ACCENT_COLOR_NAME = AccentColor;
				CODE_SIGN_STYLE = Automatic;
				DEVELOPMENT_TEAM = 58A84BMWT8;
				INFOPLIST_FILE = imagePicker/Info.plist;
				LD_RUNPATH_SEARCH_PATHS = (
					"$(inherited)",
					"@executable_path/Frameworks",
				);
				PRODUCT_BUNDLE_IDENTIFIER = "de.art-by-pixel.imagePicker";
				PRODUCT_NAME = "$(TARGET_NAME)";
				SWIFT_VERSION = 5.0;
				TARGETED_DEVICE_FAMILY = "1,2";
			};
			name = Release;
		};
		79CF3BF925B496C00023B563 /* Debug */ = {
			isa = XCBuildConfiguration;
			buildSettings = {
				ALWAYS_EMBED_SWIFT_STANDARD_LIBRARIES = YES;
				BUNDLE_LOADER = "$(TEST_HOST)";
				CODE_SIGN_STYLE = Automatic;
				DEVELOPMENT_TEAM = 58A84BMWT8;
				INFOPLIST_FILE = imagePickerTests/Info.plist;
				IPHONEOS_DEPLOYMENT_TARGET = 14.3;
				LD_RUNPATH_SEARCH_PATHS = (
					"$(inherited)",
					"@executable_path/Frameworks",
					"@loader_path/Frameworks",
				);
				PRODUCT_BUNDLE_IDENTIFIER = "de.art-by-pixel.imagePickerTests";
				PRODUCT_NAME = "$(TARGET_NAME)";
				SWIFT_VERSION = 5.0;
				TARGETED_DEVICE_FAMILY = "1,2";
				TEST_HOST = "$(BUILT_PRODUCTS_DIR)/imagePicker.app/imagePicker";
			};
			name = Debug;
		};
		79CF3BFA25B496C00023B563 /* Release */ = {
			isa = XCBuildConfiguration;
			buildSettings = {
				ALWAYS_EMBED_SWIFT_STANDARD_LIBRARIES = YES;
				BUNDLE_LOADER = "$(TEST_HOST)";
				CODE_SIGN_STYLE = Automatic;
				DEVELOPMENT_TEAM = 58A84BMWT8;
				INFOPLIST_FILE = imagePickerTests/Info.plist;
				IPHONEOS_DEPLOYMENT_TARGET = 14.3;
				LD_RUNPATH_SEARCH_PATHS = (
					"$(inherited)",
					"@executable_path/Frameworks",
					"@loader_path/Frameworks",
				);
				PRODUCT_BUNDLE_IDENTIFIER = "de.art-by-pixel.imagePickerTests";
				PRODUCT_NAME = "$(TARGET_NAME)";
				SWIFT_VERSION = 5.0;
				TARGETED_DEVICE_FAMILY = "1,2";
				TEST_HOST = "$(BUILT_PRODUCTS_DIR)/imagePicker.app/imagePicker";
			};
			name = Release;
		};
		79CF3BFB25B496C00023B563 /* Debug */ = {
			isa = XCBuildConfiguration;
			buildSettings = {
				ALWAYS_EMBED_SWIFT_STANDARD_LIBRARIES = YES;
				CODE_SIGN_STYLE = Automatic;
				DEVELOPMENT_TEAM = 58A84BMWT8;
				INFOPLIST_FILE = imagePickerUITests/Info.plist;
				LD_RUNPATH_SEARCH_PATHS = (
					"$(inherited)",
					"@executable_path/Frameworks",
					"@loader_path/Frameworks",
				);
				PRODUCT_BUNDLE_IDENTIFIER = "de.art-by-pixel.imagePickerUITests";
				PRODUCT_NAME = "$(TARGET_NAME)";
				SWIFT_VERSION = 5.0;
				TARGETED_DEVICE_FAMILY = "1,2";
				TEST_TARGET_NAME = imagePicker;
			};
			name = Debug;
		};
		79CF3BFC25B496C00023B563 /* Release */ = {
			isa = XCBuildConfiguration;
			buildSettings = {
				ALWAYS_EMBED_SWIFT_STANDARD_LIBRARIES = YES;
				CODE_SIGN_STYLE = Automatic;
				DEVELOPMENT_TEAM = 58A84BMWT8;
				INFOPLIST_FILE = imagePickerUITests/Info.plist;
				LD_RUNPATH_SEARCH_PATHS = (
					"$(inherited)",
					"@executable_path/Frameworks",
					"@loader_path/Frameworks",
				);
				PRODUCT_BUNDLE_IDENTIFIER = "de.art-by-pixel.imagePickerUITests";
				PRODUCT_NAME = "$(TARGET_NAME)";
				SWIFT_VERSION = 5.0;
				TARGETED_DEVICE_FAMILY = "1,2";
				TEST_TARGET_NAME = imagePicker;
			};
			name = Release;
		};
/* End XCBuildConfiguration section */

/* Begin XCConfigurationList section */
		79CF3BC825B496BD0023B563 /* Build configuration list for PBXProject "imagePicker" */ = {
			isa = XCConfigurationList;
			buildConfigurations = (
				79CF3BF525B496C00023B563 /* Debug */,
				79CF3BF625B496C00023B563 /* Release */,
			);
			defaultConfigurationIsVisible = 0;
			defaultConfigurationName = Release;
		};
		79CF3C0025B496C30023B563 /* Build configuration list for PBXNativeTarget "imagePicker" */ = {
			isa = XCConfigurationList;
			buildConfigurations = (
				79CF3BF725B496C00023B563 /* Debug */,
				79CF3BF825B496C00023B563 /* Release */,
			);
			defaultConfigurationIsVisible = 0;
			defaultConfigurationName = Release;
		};
		79CF3C0125B496C30023B563 /* Build configuration list for PBXNativeTarget "imagePickerTests" */ = {
			isa = XCConfigurationList;
			buildConfigurations = (
				79CF3BF925B496C00023B563 /* Debug */,
				79CF3BFA25B496C00023B563 /* Release */,
			);
			defaultConfigurationIsVisible = 0;
			defaultConfigurationName = Release;
		};
		79CF3C0225B496C30023B563 /* Build configuration list for PBXNativeTarget "imagePickerUITests" */ = {
			isa = XCConfigurationList;
			buildConfigurations = (
				79CF3BFB25B496C00023B563 /* Debug */,
				79CF3BFC25B496C00023B563 /* Release */,
			);
			defaultConfigurationIsVisible = 0;
			defaultConfigurationName = Release;
		};
/* End XCConfigurationList section */
	};
	rootObject = 79CF3BC525B496BD0023B563 /* Project object */;
}
